{
  "name": "hope",
  "version": "1.0.0",
  "lockfileVersion": 3,
  "requires": true,
  "packages": {
    "": {
      "name": "hope",
      "version": "1.0.0",
      "license": "MIT",
      "dependencies": {
        "waseem-random-number-generator": "^1.0.0"
      }
    },
    "node_modules/waseem-random-number-generator": {
      "version": "1.0.0",
      "resolved": "https://registry.npmjs.org/waseem-random-number-generator/-/waseem-random-number-generator-1.0.0.tgz",
      "integrity": "sha512-9dpIbuNASjDjKsHpuGOwfyo0CEvqb3sE1HolUdR31xxUcIeiPk5ZPBGd8NQ48yrftAmW/NxZ8nMGtG+6SUfF0w=="
    }
  }
}
